
Microsoft Visual Studio Solution File, Format Version 12.00
# Visual Studio Version 16
VisualStudioVersion = 16.0.31702.278
MinimumVisualStudioVersion = 10.0.40219.1
Project("{FAE04EC0-301F-11D3-BF4B-00C04F79EFBC}") = "ClientProxyForm-P5-049", "ClientProxyForm-P5-049\ClientProxyForm-P5-049.csproj", "{511E93EE-2177-47FF-8E5E-C4D955B18FA8}"
EndProject
Global
	GlobalSection(SolutionConfigurationPlatforms) = preSolution
		Debug|Any CPU = Debug|Any CPU
		Release|Any CPU = Release|Any CPU
	EndGlobalSection
	GlobalSection(ProjectConfigurationPlatforms) = postSolution
		{511E93EE-2177-47FF-8E5E-C4D955B18FA8}.Debug|Any CPU.ActiveCfg = Debug|Any CPU
		{511E93EE-2177-47FF-8E5E-C4D955B18FA8}.Debug|Any CPU.Build.0 = Debug|Any CPU
		{511E93EE-2177-47FF-8E5E-C4D955B18FA8}.Release|Any CPU.ActiveCfg = Release|Any CPU
		{511E93EE-2177-47FF-8E5E-C4D955B18FA8}.Release|Any CPU.Build.0 = Release|Any CPU
	EndGlobalSection
	GlobalSection(SolutionProperties) = preSolution
		HideSolutionNode = FALSE
	EndGlobalSection
	GlobalSection(ExtensibilityGlobals) = postSolution
		SolutionGuid = {5ACB5542-AD0D-4954-8A96-517683A63B6C}
	EndGlobalSection
EndGlobal
